{
  "name": "omnifocus-caldav",
  "version": "1.0.0",
  "lockfileVersion": 2,
  "requires": true,
  "packages": {
    "": {
      "version": "1.0.0",
      "license": "GPL-3.0-or-later",
      "dependencies": {
        "ts-md5": "^1.2.8"
      }
    },
    "node_modules/ts-md5": {
      "version": "1.2.8",
      "resolved": "https://registry.npmjs.org/ts-md5/-/ts-md5-1.2.8.tgz",
      "integrity": "sha512-Vt4J3CeMoYKkAArpvLZiPAN5x8GrnII1zJ5EaLfxqmgdK4apAAUGtKL+mXt+bsMhl+euQUdxS9ulDlIPvPo+rA=="
    }
  },
  "dependencies": {
    "ts-md5": {
      "version": "1.2.8",
      "resolved": "https://registry.npmjs.org/ts-md5/-/ts-md5-1.2.8.tgz",
      "integrity": "sha512-Vt4J3CeMoYKkAArpvLZiPAN5x8GrnII1zJ5EaLfxqmgdK4apAAUGtKL+mXt+bsMhl+euQUdxS9ulDlIPvPo+rA=="
    }
  }
}
